{
  "name": "front",
  "lockfileVersion": 3,
  "requires": true,
  "packages": {
    "": {
      "dependencies": {
        "@kobalte/core": "^0.9.6",
        "solid-js": "^1.7.5"
      }
    },
    "node_modules/@floating-ui/core": {
      "version": "1.2.6",
      "resolved": "https://registry.npmjs.org/@floating-ui/core/-/core-1.2.6.tgz",
      "integrity": "sha512-EvYTiXet5XqweYGClEmpu3BoxmsQ4hkj3QaYA6qEnigCWffTP3vNRwBReTdrwDwo7OoJ3wM8Uoe9Uk4n+d4hfg=="
    },
    "node_modules/@floating-ui/dom": {
      "version": "1.2.8",
      "resolved": "https://registry.npmjs.org/@floating-ui/dom/-/dom-1.2.8.tgz",
      "integrity": "sha512-XLwhYV90MxiHDq6S0rzFZj00fnDM+A1R9jhSioZoMsa7G0Q0i+Q4x40ajR8FHSdYDE1bgjG45mIWe6jtv9UPmg==",
      "dependencies": {
        "@floating-ui/core": "^1.2.6"
      }
    },
    "node_modules/@formatjs/ecma402-abstract": {
      "version": "1.15.0",
      "resolved": "https://registry.npmjs.org/@formatjs/ecma402-abstract/-/ecma402-abstract-1.15.0.tgz",
      "integrity": "sha512-7bAYAv0w4AIao9DNg0avfOLTCPE9woAgs6SpXuMq11IN3A+l+cq8ghczwqSZBM11myvPSJA7vLn72q0rJ0QK6Q==",
      "dependencies": {
        "@formatjs/intl-localematcher": "0.2.32",
        "tslib": "^2.4.0"
      }
    },
    "node_modules/@formatjs/fast-memoize": {
      "version": "2.0.1",
      "resolved": "https://registry.npmjs.org/@formatjs/fast-memoize/-/fast-memoize-2.0.1.tgz",
      "integrity": "sha512-M2GgV+qJn5WJQAYewz7q2Cdl6fobQa69S1AzSM2y0P68ZDbK5cWrJIcPCO395Of1ksftGZoOt4LYCO/j9BKBSA==",
      "dependencies": {
        "tslib": "^2.4.0"
      }
    },
    "node_modules/@formatjs/icu-messageformat-parser": {
      "version": "2.4.0",
      "resolved": "https://registry.npmjs.org/@formatjs/icu-messageformat-parser/-/icu-messageformat-parser-2.4.0.tgz",
      "integrity": "sha512-6Dh5Z/gp4F/HovXXu/vmd0If5NbYLB5dZrmhWVNb+BOGOEU3wt7Z/83KY1dtd7IDhAnYHasbmKE1RbTE0J+3hw==",
      "dependencies": {
        "@formatjs/ecma402-abstract": "1.15.0",
        "@formatjs/icu-skeleton-parser": "1.4.0",
        "tslib": "^2.4.0"
      }
    },
    "node_modules/@formatjs/icu-skeleton-parser": {
      "version": "1.4.0",
      "resolved": "https://registry.npmjs.org/@formatjs/icu-skeleton-parser/-/icu-skeleton-parser-1.4.0.tgz",
      "integrity": "sha512-Qq347VM616rVLkvN6QsKJELazRyNlbCiN47LdH0Mc5U7E2xV0vatiVhGqd3KFgbc055BvtnUXR7XX60dCGFuWg==",
      "dependencies": {
        "@formatjs/ecma402-abstract": "1.15.0",
        "tslib": "^2.4.0"
      }
    },
    "node_modules/@formatjs/intl-localematcher": {
      "version": "0.2.32",
      "resolved": "https://registry.npmjs.org/@formatjs/intl-localematcher/-/intl-localematcher-0.2.32.tgz",
      "integrity": "sha512-k/MEBstff4sttohyEpXxCmC3MqbUn9VvHGlZ8fauLzkbwXmVrEeyzS+4uhrvAk9DWU9/7otYWxyDox4nT/KVLQ==",
      "dependencies": {
        "tslib": "^2.4.0"
      }
    },
    "node_modules/@internationalized/date": {
      "version": "3.2.0",
      "resolved": "https://registry.npmjs.org/@internationalized/date/-/date-3.2.0.tgz",
      "integrity": "sha512-VDMHN1m33L4eqPs5BaihzgQJXyaORbMoHOtrapFxx179J8ucY5CRIHYsq5RRLKPHZWgjNfa5v6amWWDkkMFywA==",
      "dependencies": {
        "@swc/helpers": "^0.4.14"
      }
    },
    "node_modules/@internationalized/message": {
      "version": "3.1.0",
      "resolved": "https://registry.npmjs.org/@internationalized/message/-/message-3.1.0.tgz",
      "integrity": "sha512-Oo5m70FcBdADf7G8NkUffVSfuCdeAYVfsvNjZDi9ELpjvkc4YNJVTHt/NyTI9K7FgAVoELxiP9YmN0sJ+HNHYQ==",
      "dependencies": {
        "@swc/helpers": "^0.4.14",
        "intl-messageformat": "^10.1.0"
      }
    },
    "node_modules/@internationalized/number": {
      "version": "3.2.0",
      "resolved": "https://registry.npmjs.org/@internationalized/number/-/number-3.2.0.tgz",
      "integrity": "sha512-GUXkhXSX1Ee2RURnzl+47uvbOxnlMnvP9Er+QePTjDjOPWuunmLKlEkYkEcLiiJp7y4l9QxGDLOlVr8m69LS5w==",
      "dependencies": {
        "@swc/helpers": "^0.4.14"
      }
    },
    "node_modules/@kobalte/core": {
      "version": "0.9.6",
      "resolved": "https://registry.npmjs.org/@kobalte/core/-/core-0.9.6.tgz",
      "integrity": "sha512-nuo3+ncZHC2Fl531DdliLE/kRcmdMf2FflSTVqM0FqqgilbzIbdJCFXJddkZj4KtML9F4rHRiPq5reSXMMrFLg==",
      "dependencies": {
        "@floating-ui/dom": "^1.2.6",
        "@internationalized/date": "^3.2.0",
        "@internationalized/message": "^3.1.0",
        "@internationalized/number": "^3.2.0",
        "@kobalte/utils": "^0.7.2"
      },
      "peerDependencies": {
        "solid-js": "^1.7.3"
      }
    },
    "node_modules/@kobalte/utils": {
      "version": "0.7.2",
      "resolved": "https://registry.npmjs.org/@kobalte/utils/-/utils-0.7.2.tgz",
      "integrity": "sha512-ZdINbHemz+jnixJ63VFi9wUEHEMAsP7iDGEADciKdSKrK4bDuccDw5th1O+5/PykfHqFwSI++JhhUpOd+iZ5jg==",
      "dependencies": {
        "@solid-primitives/event-listener": "^2.2.10",
        "@solid-primitives/keyed": "^1.2.0",
        "@solid-primitives/media": "^2.1.6",
        "@solid-primitives/props": "^3.1.4",
        "@solid-primitives/refs": "^1.0.2",
        "@solid-primitives/utils": "^6.1.0"
      },
      "peerDependencies": {
        "solid-js": "^1.7.3"
      }
    },
    "node_modules/@solid-primitives/event-listener": {
      "version": "2.2.12",
      "resolved": "https://registry.npmjs.org/@solid-primitives/event-listener/-/event-listener-2.2.12.tgz",
      "integrity": "sha512-CGSn4BF8t9887LWdnGOOIIEoMJFhrs4mCeSDoGJRLy1zmPjokFb+IMNd3VLTpvf6+prxEDIEy6wrzE373ZvTzA==",
      "dependencies": {
        "@solid-primitives/utils": "^6.1.1"
      },
      "peerDependencies": {
        "solid-js": "^1.6.12"
      }
    },
    "node_modules/@solid-primitives/keyed": {
      "version": "1.2.0",
      "resolved": "https://registry.npmjs.org/@solid-primitives/keyed/-/keyed-1.2.0.tgz",
      "integrity": "sha512-0DuTeJdxWjCTu73XnDZs24JzfXckBnpvCfQ6Mf/kTPKkMZJh7tjkBnZEk48ckrE9xmwat9stIdfrBmZctsepIw==",
      "peerDependencies": {
        "solid-js": "^1.6.12"
      }
    },
    "node_modules/@solid-primitives/media": {
      "version": "2.2.2",
      "resolved": "https://registry.npmjs.org/@solid-primitives/media/-/media-2.2.2.tgz",
      "integrity": "sha512-m0+C96SKFOGjAPrLaKnlEE47LTssTyVSgodhAYvQu+wxndVMsQPmbsFdYPH6TLdGQ+hlbZpvbi40oSwMViU2tw==",
      "dependencies": {
        "@solid-primitives/event-listener": "^2.2.12",
        "@solid-primitives/rootless": "^1.4.0",
        "@solid-primitives/static-store": "^0.0.3",
        "@solid-primitives/utils": "^6.1.1"
      },
      "peerDependencies": {
        "solid-js": "^1.6.12"
      }
    },
    "node_modules/@solid-primitives/props": {
      "version": "3.1.5",
      "resolved": "https://registry.npmjs.org/@solid-primitives/props/-/props-3.1.5.tgz",
      "integrity": "sha512-rnFjo3PgH2I4wJEGaMY+iKETfPntq9GMLbdX6bhllMocwF/CHILii4Hfgg41nhcGjJysuCSlA4WTq33ZD/9CFw==",
      "dependencies": {
        "@solid-primitives/utils": "^6.1.1"
      },
      "peerDependencies": {
        "solid-js": "^1.6.12"
      }
    },
    "node_modules/@solid-primitives/refs": {
      "version": "1.0.3",
      "resolved": "https://registry.npmjs.org/@solid-primitives/refs/-/refs-1.0.3.tgz",
      "integrity": "sha512-LjB/qUCyke5socrcUxPGBv2GlciOjpba7HC1EIz6gihSePdu+SF3w+p2WaV4pACJy8ELacJ2lNq4EbAK7sTkAg==",
      "dependencies": {
        "@solid-primitives/utils": "^6.1.1"
      },
      "peerDependencies": {
        "solid-js": "^1.6.12"
      }
    },
    "node_modules/@solid-primitives/rootless": {
      "version": "1.4.0",
      "resolved": "https://registry.npmjs.org/@solid-primitives/rootless/-/rootless-1.4.0.tgz",
      "integrity": "sha512-hShkSvajBQKWI0g1oNKfLb3W5owQIhW1wBaMBgq/sAdUhWevyM+ldYab2bry5vnh7DxemLSCrtvFJWNTHCuJgQ==",
      "dependencies": {
        "@solid-primitives/utils": "^6.1.1"
      },
      "peerDependencies": {
        "solid-js": "^1.6.12"
      }
    },
    "node_modules/@solid-primitives/static-store": {
      "version": "0.0.3",
      "resolved": "https://registry.npmjs.org/@solid-primitives/static-store/-/static-store-0.0.3.tgz",
      "integrity": "sha512-OHwr9w8gb+IZGGEdmPL5Oet62p4c8Py3AaxxOopxv++SmGoed2niO8nORNbUk/riScvqzeDpOrAuQ//fYPm2tw==",
      "dependencies": {
        "@solid-primitives/utils": "^6.1.1"
      },
      "peerDependencies": {
        "solid-js": "^1.6.12"
      }
    },
    "node_modules/@solid-primitives/utils": {
      "version": "6.1.1",
      "resolved": "https://registry.npmjs.org/@solid-primitives/utils/-/utils-6.1.1.tgz",
      "integrity": "sha512-wxxUdxja126jTROs9Ro8Z5ExbHs9rv2Tl744S3Qmzki/gTcTXW8D1TvTArQcjqkCvSw8OIQ2EO2NI8sR28Trxg==",
      "peerDependencies": {
        "solid-js": "^1.6.12"
      }
    },
    "node_modules/@swc/helpers": {
      "version": "0.4.14",
      "resolved": "https://registry.npmjs.org/@swc/helpers/-/helpers-0.4.14.tgz",
      "integrity": "sha512-4C7nX/dvpzB7za4Ql9K81xK3HPxCpHMgwTZVyf+9JQ6VUbn9jjZVN7/Nkdz/Ugzs2CSjqnL/UPXroiVBVHUWUw==",
      "dependencies": {
        "tslib": "^2.4.0"
      }
    },
    "node_modules/csstype": {
      "version": "3.1.2",
      "resolved": "https://registry.npmjs.org/csstype/-/csstype-3.1.2.tgz",
      "integrity": "sha512-I7K1Uu0MBPzaFKg4nI5Q7Vs2t+3gWWW648spaF+Rg7pI9ds18Ugn+lvg4SHczUdKlHI5LWBXyqfS8+DufyBsgQ=="
    },
    "node_modules/intl-messageformat": {
      "version": "10.3.5",
      "resolved": "https://registry.npmjs.org/intl-messageformat/-/intl-messageformat-10.3.5.tgz",
      "integrity": "sha512-6kPkftF8Jg3XJCkGKa5OD+nYQ+qcSxF4ZkuDdXZ6KGG0VXn+iblJqRFyDdm9VvKcMyC0Km2+JlVQffFM52D0YA==",
      "dependencies": {
        "@formatjs/ecma402-abstract": "1.15.0",
        "@formatjs/fast-memoize": "2.0.1",
        "@formatjs/icu-messageformat-parser": "2.4.0",
        "tslib": "^2.4.0"
      }
    },
    "node_modules/seroval": {
      "version": "0.5.1",
      "resolved": "https://registry.npmjs.org/seroval/-/seroval-0.5.1.tgz",
      "integrity": "sha512-ZfhQVB59hmIauJG5Ydynupy8KHyr5imGNtdDhbZG68Ufh1Ynkv9KOYOAABf71oVbQxJ8VkWnMHAjEHE7fWkH5g==",
      "engines": {
        "node": ">=10"
      }
    },
    "node_modules/solid-js": {
      "version": "1.7.5",
      "resolved": "https://registry.npmjs.org/solid-js/-/solid-js-1.7.5.tgz",
      "integrity": "sha512-GfJ8na1e9FG1oAF5xC24BM+ATLym0sfH+ZblkbBFpueYdq3fWAoA5Ve+jGeIeLI7jmMGfa0rUaKruszNm2sH8w==",
      "dependencies": {
        "csstype": "^3.1.0",
        "seroval": "^0.5.0"
      }
    },
    "node_modules/tslib": {
      "version": "2.5.0",
      "resolved": "https://registry.npmjs.org/tslib/-/tslib-2.5.0.tgz",
      "integrity": "sha512-336iVw3rtn2BUK7ORdIAHTyxHGRIHVReokCR3XjbckJMK7ms8FysBfhLR8IXnAgy7T0PTPNBWKiH514FOW/WSg=="
    }
  }
}
